// !$*UTF8*$!
{
	archiveVersion = 1;
	classes = {
	};
	objectVersion = 51;
	objects = {

/* Begin PBXBuildFile section */
		BCF29B47242D71CA00D5C4ED /* AppDelegate.swift in Sources */ = {isa = PBXBuildFile; fileRef = BCF29B46242D71CA00D5C4ED /* AppDelegate.swift */; };
		BCF29B49242D71CA00D5C4ED /* ViewController.swift in Sources */ = {isa = PBXBuildFile; fileRef = BCF29B48242D71CA00D5C4ED /* ViewController.swift */; };
		BCF29B4C242D71CA00D5C4ED /* Main.storyboard in Resources */ = {isa = PBXBuildFile; fileRef = BCF29B4A242D71CA00D5C4ED /* Main.storyboard */; };
		BCF29B4E242D71D600D5C4ED /* Assets.xcassets in Resources */ = {isa = PBXBuildFile; fileRef = BCF29B4D242D71D600D5C4ED /* Assets.xcassets */; };
		BCF29B51242D71D600D5C4ED /* LaunchScreen.storyboard in Resources */ = {isa = PBXBuildFile; fileRef = BCF29B4F242D71D600D5C4ED /* LaunchScreen.storyboard */; };
		E6FAD191243E682400FC986F /* GuideVC.swift in Sources */ = {isa = PBXBuildFile; fileRef = E6FAD190243E682400FC986F /* GuideVC.swift */; };
		E6FAD193243E686000FC986F /* DetailVC.swift in Sources */ = {isa = PBXBuildFile; fileRef = E6FAD192243E686000FC986F /* DetailVC.swift */; };
		E6FAD195243E6B9200FC986F /* RealtimeDB.swift in Sources */ = {isa = PBXBuildFile; fileRef = E6FAD194243E6B9200FC986F /* RealtimeDB.swift */; };
/* End PBXBuildFile section */

/* Begin PBXFileReference section */
		BCF29B43242D71CA00D5C4ED /* iOS_assign4.app */ = {isa = PBXFileReference; explicitFileType = wrapper.application; includeInIndex = 0; path = iOS_assign4.app; sourceTree = BUILT_PRODUCTS_DIR; };
		BCF29B46242D71CA00D5C4ED /* AppDelegate.swift */ = {isa = PBXFileReference; lastKnownFileType = sourcecode.swift; path = AppDelegate.swift; sourceTree = "<group>"; };
		BCF29B48242D71CA00D5C4ED /* ViewController.swift */ = {isa = PBXFileReference; lastKnownFileType = sourcecode.swift; path = ViewController.swift; sourceTree = "<group>"; };
		BCF29B4B242D71CA00D5C4ED /* Base */ = {isa = PBXFileReference; lastKnownFileType = file.storyboard; name = Base; path = Base.lproj/Main.storyboard; sourceTree = "<group>"; };
		BCF29B4D242D71D600D5C4ED /* Assets.xcassets */ = {isa = PBXFileReference; lastKnownFileType = folder.assetcatalog; path = Assets.xcassets; sourceTree = "<group>"; };
		BCF29B50242D71D600D5C4ED /* Base */ = {isa = PBXFileReference; lastKnownFileType = file.storyboard; name = Base; path = Base.lproj/LaunchScreen.storyboard; sourceTree = "<group>"; };
		BCF29B52242D71D600D5C4ED /* Info.plist */ = {isa = PBXFileReference; lastKnownFileType = text.plist.xml; path = Info.plist; sourceTree = "<group>"; };
		E6FAD190243E682400FC986F /* GuideVC.swift */ = {isa = PBXFileReference; lastKnownFileType = sourcecode.swift; path = GuideVC.swift; sourceTree = "<group>"; };
		E6FAD192243E686000FC986F /* DetailVC.swift */ = {isa = PBXFileReference; lastKnownFileType = sourcecode.swift; path = DetailVC.swift; sourceTree = "<group>"; };
		E6FAD194243E6B9200FC986F /* RealtimeDB.swift */ = {isa = PBXFileReference; lastKnownFileType = sourcecode.swift; path = RealtimeDB.swift; sourceTree = "<group>"; };
/* End PBXFileReference section */

/* Begin PBXFrameworksBuildPhase section */
		BCF29B40242D71CA00D5C4ED /* Frameworks */ = {
			isa = PBXFrameworksBuildPhase;
			buildActionMask = 2147483647;
			files = (
			);
			runOnlyForDeploymentPostprocessing = 0;
		};
/* End PBXFrameworksBuildPhase section */

/* Begin PBXGroup section */
		BCF29B3A242D71C900D5C4ED = {
			isa = PBXGroup;
			children = (
				BCF29B45242D71CA00D5C4ED /* iOS_assign4 */,
				BCF29B44242D71CA00D5C4ED /* Products */,
			);
			sourceTree = "<group>";
		};
		BCF29B44242D71CA00D5C4ED /* Products */ = {
			isa = PBXGroup;
			children = (
				BCF29B43242D71CA00D5C4ED /* iOS_assign4.app */,
			);
			name = Products;
			sourceTree = "<group>";
		};
		BCF29B45242D71CA00D5C4ED /* iOS_assign4 */ = {
			isa = PBXGroup;
			children = (
				BCF29B46242D71CA00D5C4ED /* AppDelegate.swift */,
				BCF29B48242D71CA00D5C4ED /* ViewController.swift */,
				E6FAD192243E686000FC986F /* DetailVC.swift */,
				E6FAD194243E6B9200FC986F /* RealtimeDB.swift */,
				E6FAD190243E682400FC986F /* GuideVC.swift */,
				BCF29B4A242D71CA00D5C4ED /* Main.storyboard */,
				BCF29B4D242D71D600D5C4ED /* Assets.xcassets */,
				BCF29B4F242D71D600D5C4ED /* LaunchScreen.storyboard */,
				BCF29B52242D71D600D5C4ED /* Info.plist */,
			);
			path = iOS_assign4;
			sourceTree = "<group>";
		};
/* End PBXGroup section */

/* Begin PBXNativeTarget section */
		BCF29B42242D71CA00D5C4ED /* iOS_assign4 */ = {
			isa = PBXNativeTarget;
			buildConfigurationList = BCF29B55242D71D600D5C4ED /* Build configuration list for PBXNativeTarget "iOS_assign4" */;
			buildPhases = (
				BCF29B3F242D71CA00D5C4ED /* Sources */,
				BCF29B40242D71CA00D5C4ED /* Frameworks */,
				BCF29B41242D71CA00D5C4ED /* Resources */,
			);
			buildRules = (
			);
			dependencies = (
			);
			name = iOS_assign4;
			productName = iOS_assign4;
			productReference = BCF29B43242D71CA00D5C4ED /* iOS_assign4.app */;
			productType = "com.apple.product-type.application";
		};
/* End PBXNativeTarget section */

/* Begin PBXProject section */
		BCF29B3B242D71C900D5C4ED /* Project object */ = {
			isa = PBXProject;
			attributes = {
				LastSwiftUpdateCheck = 1010;
				LastUpgradeCheck = 1010;
				ORGANIZATIONNAME = "Sandra Mannila";
				TargetAttributes = {
					BCF29B42242D71CA00D5C4ED = {
						CreatedOnToolsVersion = 10.1;
					};
				};
			};
			buildConfigurationList = BCF29B3E242D71C900D5C4ED /* Build configuration list for PBXProject "iOS_assign4" */;
			compatibilityVersion = "Xcode 10.0";
			developmentRegion = en;
			hasScannedForEncodings = 0;
			knownRegions = (
				en,
				Base,
			);
			mainGroup = BCF29B3A242D71C900D5C4ED;
			productRefGroup = BCF29B44242D71CA00D5C4ED /* Products */;
			projectDirPath = "";
			projectRoot = "";
			targets = (
				BCF29B42242D71CA00D5C4ED /* iOS_assign4 */,
			);
		};
/* End PBXProject section */

/* Begin PBXResourcesBuildPhase section */
		BCF29B41242D71CA00D5C4ED /* Resources */ = {
			isa = PBXResourcesBuildPhase;
			buildActionMask = 2147483647;
			files = (
				BCF29B51242D71D600D5C4ED /* LaunchScreen.storyboard in Resources */,
				BCF29B4E242D71D600D5C4ED /* Assets.xcassets in Resources */,
				BCF29B4C242D71CA00D5C4ED /* Main.storyboard in Resources */,
			);
			runOnlyForDeploymentPostprocessing = 0;
		};
/* End PBXResourcesBuildPhase section */

/* Begin PBXSourcesBuildPhase section */
		BCF29B3F242D71CA00D5C4ED /* Sources */ = {
			isa = PBXSourcesBuildPhase;
			buildActionMask = 2147483647;
			files = (
				E6FAD191243E682400FC986F /* GuideVC.swift in Sources */,
				E6FAD193243E686000FC986F /* DetailVC.swift in Sources */,
				BCF29B49242D71CA00D5C4ED /* ViewController.swift in Sources */,
				BCF29B47242D71CA00D5C4ED /* AppDelegate.swift in Sources */,
				E6FAD195243E6B9200FC986F /* RealtimeDB.swift in Sources */,
			);
			runOnlyForDeploymentPostprocessing = 0;
		};
/* End PBXSourcesBuildPhase section */

/* Begin PBXVariantGroup section */
		BCF29B4A242D71CA00D5C4ED /* Main.storyboard */ = {
			isa = PBXVariantGroup;
			children = (
				BCF29B4B242D71CA00D5C4ED /* Base */,
			);
			name = Main.storyboard;
			sourceTree = "<group>";
		};
		BCF29B4F242D71D600D5C4ED /* LaunchScreen.storyboard */ = {
			isa = PBXVariantGroup;
			children = (
				BCF29B50242D71D600D5C4ED /* Base */,
			);
			name = LaunchScreen.storyboard;
			sourceTree = "<group>";
		};
/* End PBXVariantGroup section */

/* Begin XCBuildConfiguration section */
		BCF29B53242D71D600D5C4ED /* Debug */ = {
			isa = XCBuildConfiguration;
			buildSettings = {
				ALWAYS_SEARCH_USER_PATHS = NO;
				CLANG_ANALYZER_NONNULL = YES;
				CLANG_ANALYZER_NUMBER_OBJECT_CONVERSION = YES_AGGRESSIVE;
				CLANG_CXX_LANGUAGE_STANDARD = "gnu++14";
				CLANG_CXX_LIBRARY = "libc++";
				CLANG_ENABLE_MODULES = YES;
				CLANG_ENABLE_OBJC_ARC = YES;
				CLANG_ENABLE_OBJC_WEAK = YES;
				CLANG_WARN_BLOCK_CAPTURE_AUTORELEASING = YES;
				CLANG_WARN_BOOL_CONVERSION = YES;
				CLANG_WARN_COMMA = YES;
				CLANG_WARN_CONSTANT_CONVERSION = YES;
				CLANG_WARN_DEPRECATED_OBJC_IMPLEMENTATIONS = YES;
				CLANG_WARN_DIRECT_OBJC_ISA_USAGE = YES_ERROR;
				CLANG_WARN_DOCUMENTATION_COMMENTS = YES;
				CLANG_WARN_EMPTY_BODY = YES;
				CLANG_WARN_ENUM_CONVERSION = YES;
				CLANG_WARN_INFINITE_RECURSION = YES;
				CLANG_WARN_INT_CONVERSION = YES;
				CLANG_WARN_NON_LITERAL_NULL_CONVERSION = YES;
				CLANG_WARN_OBJC_IMPLICIT_RETAIN_SELF = YES;
				CLANG_WARN_OBJC_LITERAL_CONVERSION = YES;
				CLANG_WARN_OBJC_ROOT_CLASS = YES_ERROR;
				CLANG_WARN_RANGE_LOOP_ANALYSIS = YES;
				CLANG_WARN_STRICT_PROTOTYPES = YES;
				CLANG_WARN_SUSPICIOUS_MOVE = YES;
				CLANG_WARN_UNGUARDED_AVAILABILITY = YES_AGGRESSIVE;
				CLANG_WARN_UNREACHABLE_CODE = YES;
				CLANG_WARN__DUPLICATE_METHOD_MATCH = YES;
				CODE_SIGN_IDENTITY = "iPhone Developer";
				COPY_PHASE_STRIP = NO;
				DEBUG_INFORMATION_FORMAT = dwarf;
				ENABLE_STRICT_OBJC_MSGSEND = YES;
				ENABLE_TESTABILITY = YES;
				GCC_C_LANGUAGE_STANDARD = gnu11;
				GCC_DYNAMIC_NO_PIC = NO;
				GCC_NO_COMMON_BLOCKS = YES;
				GCC_OPTIMIZATION_LEVEL = 0;
				GCC_PREPROCESSOR_DEFINITIONS = (
					"DEBUG=1",
					"$(inherited)",
				);
				GCC_WARN_64_TO_32_BIT_CONVERSION = YES;
				GCC_WARN_ABOUT_RETURN_TYPE = YES_ERROR;
				GCC_WARN_UNDECLARED_SELECTOR = YES;
				GCC_WARN_UNINITIALIZED_AUTOS = YES_AGGRESSIVE;
				GCC_WARN_UNUSED_FUNCTION = YES;
				GCC_WARN_UNUSED_VARIABLE = YES;
				IPHONEOS_DEPLOYMENT_TARGET = 12.1;
				MTL_ENABLE_DEBUG_INFO = INCLUDE_SOURCE;
				MTL_FAST_MATH = YES;
				ONLY_ACTIVE_ARCH = YES;
				SDKROOT = iphoneos;
				SWIFT_ACTIVE_COMPILATION_CONDITIONS = DEBUG;
				SWIFT_OPTIMIZATION_LEVEL = "-Onone";
			};
			name = Debug;
		};
		BCF29B54242D71D600D5C4ED /* Release */ = {
			isa = XCBuildConfiguration;
			buildSettings = {
				ALWAYS_SEARCH_USER_PATHS = NO;
				CLANG_ANALYZER_NONNULL = YES;
				CLANG_ANALYZER_NUMBER_OBJECT_CONVERSION = YES_AGGRESSIVE;
				CLANG_CXX_LANGUAGE_STANDARD = "gnu++14";
				CLANG_CXX_LIBRARY = "libc++";
				CLANG_ENABLE_MODULES = YES;
				CLANG_ENABLE_OBJC_ARC = YES;
				CLANG_ENABLE_OBJC_WEAK = YES;
				CLANG_WARN_BLOCK_CAPTURE_AUTORELEASING = YES;
				CLANG_WARN_BOOL_CONVERSION = YES;
				CLANG_WARN_COMMA = YES;
				CLANG_WARN_CONSTANT_CONVERSION = YES;
				CLANG_WARN_DEPRECATED_OBJC_IMPLEMENTATIONS = YES;
				CLANG_WARN_DIRECT_OBJC_ISA_USAGE = YES_ERROR;
				CLANG_WARN_DOCUMENTATION_COMMENTS = YES;
				CLANG_WARN_EMPTY_BODY = YES;
				CLANG_WARN_ENUM_CONVERSION = YES;
				CLANG_WARN_INFINITE_RECURSION = YES;
				CLANG_WARN_INT_CONVERSION = YES;
				CLANG_WARN_NON_LITERAL_NULL_CONVERSION = YES;
				CLANG_WARN_OBJC_IMPLICIT_RETAIN_SELF = YES;
				CLANG_WARN_OBJC_LITERAL_CONVERSION = YES;
				CLANG_WARN_OBJC_ROOT_CLASS = YES_ERROR;
				CLANG_WARN_RANGE_LOOP_ANALYSIS = YES;
				CLANG_WARN_STRICT_PROTOTYPES = YES;
				CLANG_WARN_SUSPICIOUS_MOVE = YES;
				CLANG_WARN_UNGUARDED_AVAILABILITY = YES_AGGRESSIVE;
				CLANG_WARN_UNREACHABLE_CODE = YES;
				CLANG_WARN__DUPLICATE_METHOD_MATCH = YES;
				CODE_SIGN_IDENTITY = "iPhone Developer";
				COPY_PHASE_STRIP = NO;
				DEBUG_INFORMATION_FORMAT = "dwarf-with-dsym";
				ENABLE_NS_ASSERTIONS = NO;
				ENABLE_STRICT_OBJC_MSGSEND = YES;
				GCC_C_LANGUAGE_STANDARD = gnu11;
				GCC_NO_COMMON_BLOCKS = YES;
				GCC_WARN_64_TO_32_BIT_CONVERSION = YES;
				GCC_WARN_ABOUT_RETURN_TYPE = YES_ERROR;
				GCC_WARN_UNDECLARED_SELECTOR = YES;
				GCC_WARN_UNINITIALIZED_AUTOS = YES_AGGRESSIVE;
				GCC_WARN_UNUSED_FUNCTION = YES;
				GCC_WARN_UNUSED_VARIABLE = YES;
				IPHONEOS_DEPLOYMENT_TARGET = 12.1;
				MTL_ENABLE_DEBUG_INFO = NO;
				MTL_FAST_MATH = YES;
				SDKROOT = iphoneos;
				SWIFT_COMPILATION_MODE = wholemodule;
				SWIFT_OPTIMIZATION_LEVEL = "-O";
				VALIDATE_PRODUCT = YES;
			};
			name = Release;
		};
		BCF29B56242D71D600D5C4ED /* Debug */ = {
			isa = XCBuildConfiguration;
			buildSettings = {
				ASSETCATALOG_COMPILER_APPICON_NAME = AppIcon;
				CODE_SIGN_STYLE = Automatic;
				DEVELOPMENT_TEAM = "";
				INFOPLIST_FILE = iOS_assign4/Info.plist;
				LD_RUNPATH_SEARCH_PATHS = (
					"$(inherited)",
					"@executable_path/Frameworks",
				);
				PRODUCT_BUNDLE_IDENTIFIER = "com.smannila.iOS-assign4";
				PRODUCT_NAME = "$(TARGET_NAME)";
				SWIFT_VERSION = 4.2;
				TARGETED_DEVICE_FAMILY = "1,2";
			};
			name = Debug;
		};
		BCF29B57242D71D600D5C4ED /* Release */ = {
			isa = XCBuildConfiguration;
			buildSettings = {
				ASSETCATALOG_COMPILER_APPICON_NAME = AppIcon;
				CODE_SIGN_STYLE = Automatic;
				DEVELOPMENT_TEAM = "";
				INFOPLIST_FILE = iOS_assign4/Info.plist;
				LD_RUNPATH_SEARCH_PATHS = (
					"$(inherited)",
					"@executable_path/Frameworks",
				);
				PRODUCT_BUNDLE_IDENTIFIER = "com.smannila.iOS-assign4";
				PRODUCT_NAME = "$(TARGET_NAME)";
				SWIFT_VERSION = 4.2;
				TARGETED_DEVICE_FAMILY = "1,2";
			};
			name = Release;
		};
/* End XCBuildConfiguration section */

/* Begin XCConfigurationList section */
		BCF29B3E242D71C900D5C4ED /* Build configuration list for PBXProject "iOS_assign4" */ = {
			isa = XCConfigurationList;
			buildConfigurations = (
				BCF29B53242D71D600D5C4ED /* Debug */,
				BCF29B54242D71D600D5C4ED /* Release */,
			);
			defaultConfigurationIsVisible = 0;
			defaultConfigurationName = Release;
		};
		BCF29B55242D71D600D5C4ED /* Build configuration list for PBXNativeTarget "iOS_assign4" */ = {
			isa = XCConfigurationList;
			buildConfigurations = (
				BCF29B56242D71D600D5C4ED /* Debug */,
				BCF29B57242D71D600D5C4ED /* Release */,
			);
			defaultConfigurationIsVisible = 0;
			defaultConfigurationName = Release;
		};
/* End XCConfigurationList section */
	};
	rootObject = BCF29B3B242D71C900D5C4ED /* Project object */;
}
